
Microsoft Visual Studio Solution File, Format Version 12.00
# Visual Studio Version 17
VisualStudioVersion = 17.0.31903.59
MinimumVisualStudioVersion = 10.0.40219.1
Project("{2150E333-8FDC-42A3-9474-1A3956D46DE8}") = "Servicios", "Servicios", "{28F3A1C0-E21A-4CEB-8E95-B81E401E59C7}"
EndProject
Project("{9A19103F-16F7-4668-BE54-9A1E7A4F7556}") = "Peliculas.API", "Peliculas.API\Peliculas.API.csproj", "{76DF24B1-6281-4579-A4FB-C968C65ED8F6}"
EndProject
Global
	GlobalSection(SolutionConfigurationPlatforms) = preSolution
		Debug|Any CPU = Debug|Any CPU
		Release|Any CPU = Release|Any CPU
	EndGlobalSection
	GlobalSection(ProjectConfigurationPlatforms) = postSolution
		{76DF24B1-6281-4579-A4FB-C968C65ED8F6}.Debug|Any CPU.ActiveCfg = Debug|Any CPU
		{76DF24B1-6281-4579-A4FB-C968C65ED8F6}.Debug|Any CPU.Build.0 = Debug|Any CPU
		{76DF24B1-6281-4579-A4FB-C968C65ED8F6}.Release|Any CPU.ActiveCfg = Release|Any CPU
		{76DF24B1-6281-4579-A4FB-C968C65ED8F6}.Release|Any CPU.Build.0 = Release|Any CPU
	EndGlobalSection
	GlobalSection(SolutionProperties) = preSolution
		HideSolutionNode = FALSE
	EndGlobalSection
	GlobalSection(NestedProjects) = preSolution
		{76DF24B1-6281-4579-A4FB-C968C65ED8F6} = {28F3A1C0-E21A-4CEB-8E95-B81E401E59C7}
	EndGlobalSection
	GlobalSection(ExtensibilityGlobals) = postSolution
		SolutionGuid = {43A00F66-41A7-46F4-B544-CB192032DA2B}
	EndGlobalSection
EndGlobal
