
Microsoft Visual Studio Solution File, Format Version 12.00
# Visual Studio Version 17
VisualStudioVersion = 17.0.31903.59
MinimumVisualStudioVersion = 10.0.40219.1
Project("{2150E333-8FDC-42A3-9474-1A3956D46DE8}") = "Servicios", "Servicios", "{28F3A1C0-E21A-4CEB-8E95-B81E401E59C7}"
EndProject
Project("{2150E333-8FDC-42A3-9474-1A3956D46DE8}") = "Transversal", "Transversal", "{EA9BDE12-846D-4ADD-A0D6-8EB6BBCFE154}"
EndProject
Project("{2150E333-8FDC-42A3-9474-1A3956D46DE8}") = "AccesoDatos", "AccesoDatos", "{0A8D9C5D-640B-4EC5-999E-AD92A2D83B49}"
EndProject
Project("{2150E333-8FDC-42A3-9474-1A3956D46DE8}") = "Negocios", "Negocios", "{EFF096EF-2940-4AF8-9687-7368BCA5A098}"
EndProject
Project("{9A19103F-16F7-4668-BE54-9A1E7A4F7556}") = "Peliculas.API", "Peliculas.API\Peliculas.API.csproj", "{76DF24B1-6281-4579-A4FB-C968C65ED8F6}"
EndProject
Project("{9A19103F-16F7-4668-BE54-9A1E7A4F7556}") = "Peliculas.DT", "Peliculas.DT\Peliculas.DT.csproj", "{4EBF54D1-7E85-488E-B8D5-F5892B29AA7E}"
EndProject
Project("{9A19103F-16F7-4668-BE54-9A1E7A4F7556}") = "Peliculas.Soporte", "Peliculas.Soporte\Peliculas.Soporte.csproj", "{789506E3-E166-4E32-A54C-504EAC3D1229}"
EndProject
Project("{9A19103F-16F7-4668-BE54-9A1E7A4F7556}") = "Peliculas.BM", "Peliculas.BM\Peliculas.BM.csproj", "{6DEEABEB-ABCE-4460-98E9-FF1DD1613026}"
EndProject
Project("{9A19103F-16F7-4668-BE54-9A1E7A4F7556}") = "Pelicula.DM", "Pelicula.DM\Pelicula.DM.csproj", "{DBDA6EAD-BB9F-4A5C-BD2E-5995388F7410}"
EndProject
Global
	GlobalSection(SolutionConfigurationPlatforms) = preSolution
		Debug|Any CPU = Debug|Any CPU
		Release|Any CPU = Release|Any CPU
	EndGlobalSection
	GlobalSection(ProjectConfigurationPlatforms) = postSolution
		{76DF24B1-6281-4579-A4FB-C968C65ED8F6}.Debug|Any CPU.ActiveCfg = Debug|Any CPU
		{76DF24B1-6281-4579-A4FB-C968C65ED8F6}.Debug|Any CPU.Build.0 = Debug|Any CPU
		{76DF24B1-6281-4579-A4FB-C968C65ED8F6}.Release|Any CPU.ActiveCfg = Release|Any CPU
		{76DF24B1-6281-4579-A4FB-C968C65ED8F6}.Release|Any CPU.Build.0 = Release|Any CPU
		{4EBF54D1-7E85-488E-B8D5-F5892B29AA7E}.Debug|Any CPU.ActiveCfg = Debug|Any CPU
		{4EBF54D1-7E85-488E-B8D5-F5892B29AA7E}.Debug|Any CPU.Build.0 = Debug|Any CPU
		{4EBF54D1-7E85-488E-B8D5-F5892B29AA7E}.Release|Any CPU.ActiveCfg = Release|Any CPU
		{4EBF54D1-7E85-488E-B8D5-F5892B29AA7E}.Release|Any CPU.Build.0 = Release|Any CPU
		{789506E3-E166-4E32-A54C-504EAC3D1229}.Debug|Any CPU.ActiveCfg = Debug|Any CPU
		{789506E3-E166-4E32-A54C-504EAC3D1229}.Debug|Any CPU.Build.0 = Debug|Any CPU
		{789506E3-E166-4E32-A54C-504EAC3D1229}.Release|Any CPU.ActiveCfg = Release|Any CPU
		{789506E3-E166-4E32-A54C-504EAC3D1229}.Release|Any CPU.Build.0 = Release|Any CPU
		{6DEEABEB-ABCE-4460-98E9-FF1DD1613026}.Debug|Any CPU.ActiveCfg = Debug|Any CPU
		{6DEEABEB-ABCE-4460-98E9-FF1DD1613026}.Debug|Any CPU.Build.0 = Debug|Any CPU
		{6DEEABEB-ABCE-4460-98E9-FF1DD1613026}.Release|Any CPU.ActiveCfg = Release|Any CPU
		{6DEEABEB-ABCE-4460-98E9-FF1DD1613026}.Release|Any CPU.Build.0 = Release|Any CPU
		{DBDA6EAD-BB9F-4A5C-BD2E-5995388F7410}.Debug|Any CPU.ActiveCfg = Debug|Any CPU
		{DBDA6EAD-BB9F-4A5C-BD2E-5995388F7410}.Debug|Any CPU.Build.0 = Debug|Any CPU
		{DBDA6EAD-BB9F-4A5C-BD2E-5995388F7410}.Release|Any CPU.ActiveCfg = Release|Any CPU
		{DBDA6EAD-BB9F-4A5C-BD2E-5995388F7410}.Release|Any CPU.Build.0 = Release|Any CPU
	EndGlobalSection
	GlobalSection(SolutionProperties) = preSolution
		HideSolutionNode = FALSE
	EndGlobalSection
	GlobalSection(NestedProjects) = preSolution
		{76DF24B1-6281-4579-A4FB-C968C65ED8F6} = {28F3A1C0-E21A-4CEB-8E95-B81E401E59C7}
		{4EBF54D1-7E85-488E-B8D5-F5892B29AA7E} = {EA9BDE12-846D-4ADD-A0D6-8EB6BBCFE154}
		{789506E3-E166-4E32-A54C-504EAC3D1229} = {EA9BDE12-846D-4ADD-A0D6-8EB6BBCFE154}
		{6DEEABEB-ABCE-4460-98E9-FF1DD1613026} = {EFF096EF-2940-4AF8-9687-7368BCA5A098}
		{DBDA6EAD-BB9F-4A5C-BD2E-5995388F7410} = {0A8D9C5D-640B-4EC5-999E-AD92A2D83B49}
	EndGlobalSection
	GlobalSection(ExtensibilityGlobals) = postSolution
		SolutionGuid = {43A00F66-41A7-46F4-B544-CB192032DA2B}
	EndGlobalSection
EndGlobal
